// !$*UTF8*$!
{
	archiveVersion = 1;
	classes = {
	};
	objectVersion = 50;
	objects = {

/* Begin PBXBuildFile section */
		6C18C48226438E57002E0AC9 /* AppDelegate.swift in Sources */ = {isa = PBXBuildFile; fileRef = 6C18C48126438E57002E0AC9 /* AppDelegate.swift */; };
		6C18C48426438E57002E0AC9 /* SceneDelegate.swift in Sources */ = {isa = PBXBuildFile; fileRef = 6C18C48326438E57002E0AC9 /* SceneDelegate.swift */; };
		6C18C48626438E57002E0AC9 /* ViewController.swift in Sources */ = {isa = PBXBuildFile; fileRef = 6C18C48526438E57002E0AC9 /* ViewController.swift */; };
		6C18C48926438E57002E0AC9 /* Main.storyboard in Resources */ = {isa = PBXBuildFile; fileRef = 6C18C48726438E57002E0AC9 /* Main.storyboard */; };
		6C18C48B26438E59002E0AC9 /* Assets.xcassets in Resources */ = {isa = PBXBuildFile; fileRef = 6C18C48A26438E59002E0AC9 /* Assets.xcassets */; };
		6C18C48E26438E59002E0AC9 /* LaunchScreen.storyboard in Resources */ = {isa = PBXBuildFile; fileRef = 6C18C48C26438E59002E0AC9 /* LaunchScreen.storyboard */; };
		BBEC6AC313DD42CFC8218773 /* Pods_Lab12.framework in Frameworks */ = {isa = PBXBuildFile; fileRef = 5C7DA495C1323FCF9936FF80 /* Pods_Lab12.framework */; };
/* End PBXBuildFile section */

/* Begin PBXFileReference section */
		009415199921FD9D36CFA84A /* Pods-Lab12.release.xcconfig */ = {isa = PBXFileReference; includeInIndex = 1; lastKnownFileType = text.xcconfig; name = "Pods-Lab12.release.xcconfig"; path = "Target Support Files/Pods-Lab12/Pods-Lab12.release.xcconfig"; sourceTree = "<group>"; };
		5C7DA495C1323FCF9936FF80 /* Pods_Lab12.framework */ = {isa = PBXFileReference; explicitFileType = wrapper.framework; includeInIndex = 0; path = Pods_Lab12.framework; sourceTree = BUILT_PRODUCTS_DIR; };
		6C18C47E26438E57002E0AC9 /* Lab12.app */ = {isa = PBXFileReference; explicitFileType = wrapper.application; includeInIndex = 0; path = Lab12.app; sourceTree = BUILT_PRODUCTS_DIR; };
		6C18C48126438E57002E0AC9 /* AppDelegate.swift */ = {isa = PBXFileReference; lastKnownFileType = sourcecode.swift; path = AppDelegate.swift; sourceTree = "<group>"; };
		6C18C48326438E57002E0AC9 /* SceneDelegate.swift */ = {isa = PBXFileReference; lastKnownFileType = sourcecode.swift; path = SceneDelegate.swift; sourceTree = "<group>"; };
		6C18C48526438E57002E0AC9 /* ViewController.swift */ = {isa = PBXFileReference; lastKnownFileType = sourcecode.swift; path = ViewController.swift; sourceTree = "<group>"; };
		6C18C48826438E57002E0AC9 /* Base */ = {isa = PBXFileReference; lastKnownFileType = file.storyboard; name = Base; path = Base.lproj/Main.storyboard; sourceTree = "<group>"; };
		6C18C48A26438E59002E0AC9 /* Assets.xcassets */ = {isa = PBXFileReference; lastKnownFileType = folder.assetcatalog; path = Assets.xcassets; sourceTree = "<group>"; };
		6C18C48D26438E59002E0AC9 /* Base */ = {isa = PBXFileReference; lastKnownFileType = file.storyboard; name = Base; path = Base.lproj/LaunchScreen.storyboard; sourceTree = "<group>"; };
		6C18C48F26438E59002E0AC9 /* Info.plist */ = {isa = PBXFileReference; lastKnownFileType = text.plist.xml; path = Info.plist; sourceTree = "<group>"; };
		ACEEF11C97E2FACBF59C5C22 /* Pods-Lab12.debug.xcconfig */ = {isa = PBXFileReference; includeInIndex = 1; lastKnownFileType = text.xcconfig; name = "Pods-Lab12.debug.xcconfig"; path = "Target Support Files/Pods-Lab12/Pods-Lab12.debug.xcconfig"; sourceTree = "<group>"; };
/* End PBXFileReference section */

/* Begin PBXFrameworksBuildPhase section */
		6C18C47B26438E57002E0AC9 /* Frameworks */ = {
			isa = PBXFrameworksBuildPhase;
			buildActionMask = 2147483647;
			files = (
				BBEC6AC313DD42CFC8218773 /* Pods_Lab12.framework in Frameworks */,
			);
			runOnlyForDeploymentPostprocessing = 0;
		};
/* End PBXFrameworksBuildPhase section */

/* Begin PBXGroup section */
		6C18C47526438E57002E0AC9 = {
			isa = PBXGroup;
			children = (
				6C18C48026438E57002E0AC9 /* Lab12 */,
				6C18C47F26438E57002E0AC9 /* Products */,
				BA126E8ECF4776DB9499A5B9 /* Pods */,
				C625A6FD1AE5D530A192EE80 /* Frameworks */,
			);
			sourceTree = "<group>";
		};
		6C18C47F26438E57002E0AC9 /* Products */ = {
			isa = PBXGroup;
			children = (
				6C18C47E26438E57002E0AC9 /* Lab12.app */,
			);
			name = Products;
			sourceTree = "<group>";
		};
		6C18C48026438E57002E0AC9 /* Lab12 */ = {
			isa = PBXGroup;
			children = (
				6C18C48126438E57002E0AC9 /* AppDelegate.swift */,
				6C18C48326438E57002E0AC9 /* SceneDelegate.swift */,
				6C18C48526438E57002E0AC9 /* ViewController.swift */,
				6C18C48726438E57002E0AC9 /* Main.storyboard */,
				6C18C48A26438E59002E0AC9 /* Assets.xcassets */,
				6C18C48C26438E59002E0AC9 /* LaunchScreen.storyboard */,
				6C18C48F26438E59002E0AC9 /* Info.plist */,
			);
			path = Lab12;
			sourceTree = "<group>";
		};
		BA126E8ECF4776DB9499A5B9 /* Pods */ = {
			isa = PBXGroup;
			children = (
				ACEEF11C97E2FACBF59C5C22 /* Pods-Lab12.debug.xcconfig */,
				009415199921FD9D36CFA84A /* Pods-Lab12.release.xcconfig */,
			);
			name = Pods;
			path = Pods;
			sourceTree = "<group>";
		};
		C625A6FD1AE5D530A192EE80 /* Frameworks */ = {
			isa = PBXGroup;
			children = (
				5C7DA495C1323FCF9936FF80 /* Pods_Lab12.framework */,
			);
			name = Frameworks;
			sourceTree = "<group>";
		};
/* End PBXGroup section */

/* Begin PBXNativeTarget section */
		6C18C47D26438E57002E0AC9 /* Lab12 */ = {
			isa = PBXNativeTarget;
			buildConfigurationList = 6C18C49226438E59002E0AC9 /* Build configuration list for PBXNativeTarget "Lab12" */;
			buildPhases = (
				E204AEE3500B758AA2371C31 /* [CP] Check Pods Manifest.lock */,
				6C18C47A26438E57002E0AC9 /* Sources */,
				6C18C47B26438E57002E0AC9 /* Frameworks */,
				6C18C47C26438E57002E0AC9 /* Resources */,
				B8D7DFC973C95860F61F1508 /* [CP] Embed Pods Frameworks */,
			);
			buildRules = (
			);
			dependencies = (
			);
			name = Lab12;
			productName = Lab12;
			productReference = 6C18C47E26438E57002E0AC9 /* Lab12.app */;
			productType = "com.apple.product-type.application";
		};
/* End PBXNativeTarget section */

/* Begin PBXProject section */
		6C18C47626438E57002E0AC9 /* Project object */ = {
			isa = PBXProject;
			attributes = {
				LastSwiftUpdateCheck = 1130;
				LastUpgradeCheck = 1130;
				ORGANIZATIONNAME = yuhao;
				TargetAttributes = {
					6C18C47D26438E57002E0AC9 = {
						CreatedOnToolsVersion = 11.3.1;
					};
				};
			};
			buildConfigurationList = 6C18C47926438E57002E0AC9 /* Build configuration list for PBXProject "Lab12" */;
			compatibilityVersion = "Xcode 9.3";
			developmentRegion = en;
			hasScannedForEncodings = 0;
			knownRegions = (
				en,
				Base,
			);
			mainGroup = 6C18C47526438E57002E0AC9;
			productRefGroup = 6C18C47F26438E57002E0AC9 /* Products */;
			projectDirPath = "";
			projectRoot = "";
			targets = (
				6C18C47D26438E57002E0AC9 /* Lab12 */,
			);
		};
/* End PBXProject section */

/* Begin PBXResourcesBuildPhase section */
		6C18C47C26438E57002E0AC9 /* Resources */ = {
			isa = PBXResourcesBuildPhase;
			buildActionMask = 2147483647;
			files = (
				6C18C48E26438E59002E0AC9 /* LaunchScreen.storyboard in Resources */,
				6C18C48B26438E59002E0AC9 /* Assets.xcassets in Resources */,
				6C18C48926438E57002E0AC9 /* Main.storyboard in Resources */,
			);
			runOnlyForDeploymentPostprocessing = 0;
		};
/* End PBXResourcesBuildPhase section */

/* Begin PBXShellScriptBuildPhase section */
		B8D7DFC973C95860F61F1508 /* [CP] Embed Pods Frameworks */ = {
			isa = PBXShellScriptBuildPhase;
			buildActionMask = 2147483647;
			files = (
			);
			inputFileListPaths = (
				"${PODS_ROOT}/Target Support Files/Pods-Lab12/Pods-Lab12-frameworks-${CONFIGURATION}-input-files.xcfilelist",
			);
			name = "[CP] Embed Pods Frameworks";
			outputFileListPaths = (
				"${PODS_ROOT}/Target Support Files/Pods-Lab12/Pods-Lab12-frameworks-${CONFIGURATION}-output-files.xcfilelist",
			);
			runOnlyForDeploymentPostprocessing = 0;
			shellPath = /bin/sh;
			shellScript = "\"${PODS_ROOT}/Target Support Files/Pods-Lab12/Pods-Lab12-frameworks.sh\"\n";
			showEnvVarsInLog = 0;
		};
		E204AEE3500B758AA2371C31 /* [CP] Check Pods Manifest.lock */ = {
			isa = PBXShellScriptBuildPhase;
			buildActionMask = 2147483647;
			files = (
			);
			inputFileListPaths = (
			);
			inputPaths = (
				"${PODS_PODFILE_DIR_PATH}/Podfile.lock",
				"${PODS_ROOT}/Manifest.lock",
			);
			name = "[CP] Check Pods Manifest.lock";
			outputFileListPaths = (
			);
			outputPaths = (
				"$(DERIVED_FILE_DIR)/Pods-Lab12-checkManifestLockResult.txt",
			);
			runOnlyForDeploymentPostprocessing = 0;
			shellPath = /bin/sh;
			shellScript = "diff \"${PODS_PODFILE_DIR_PATH}/Podfile.lock\" \"${PODS_ROOT}/Manifest.lock\" > /dev/null\nif [ $? != 0 ] ; then\n    # print error to STDERR\n    echo \"error: The sandbox is not in sync with the Podfile.lock. Run 'pod install' or update your CocoaPods installation.\" >&2\n    exit 1\nfi\n# This output is used by Xcode 'outputs' to avoid re-running this script phase.\necho \"SUCCESS\" > \"${SCRIPT_OUTPUT_FILE_0}\"\n";
			showEnvVarsInLog = 0;
		};
/* End PBXShellScriptBuildPhase section */

/* Begin PBXSourcesBuildPhase section */
		6C18C47A26438E57002E0AC9 /* Sources */ = {
			isa = PBXSourcesBuildPhase;
			buildActionMask = 2147483647;
			files = (
				6C18C48626438E57002E0AC9 /* ViewController.swift in Sources */,
				6C18C48226438E57002E0AC9 /* AppDelegate.swift in Sources */,
				6C18C48426438E57002E0AC9 /* SceneDelegate.swift in Sources */,
			);
			runOnlyForDeploymentPostprocessing = 0;
		};
/* End PBXSourcesBuildPhase section */

/* Begin PBXVariantGroup section */
		6C18C48726438E57002E0AC9 /* Main.storyboard */ = {
			isa = PBXVariantGroup;
			children = (
				6C18C48826438E57002E0AC9 /* Base */,
			);
			name = Main.storyboard;
			sourceTree = "<group>";
		};
		6C18C48C26438E59002E0AC9 /* LaunchScreen.storyboard */ = {
			isa = PBXVariantGroup;
			children = (
				6C18C48D26438E59002E0AC9 /* Base */,
			);
			name = LaunchScreen.storyboard;
			sourceTree = "<group>";
		};
/* End PBXVariantGroup section */

/* Begin XCBuildConfiguration section */
		6C18C49026438E59002E0AC9 /* Debug */ = {
			isa = XCBuildConfiguration;
			buildSettings = {
				ALWAYS_SEARCH_USER_PATHS = NO;
				CLANG_ANALYZER_NONNULL = YES;
				CLANG_ANALYZER_NUMBER_OBJECT_CONVERSION = YES_AGGRESSIVE;
				CLANG_CXX_LANGUAGE_STANDARD = "gnu++14";
				CLANG_CXX_LIBRARY = "libc++";
				CLANG_ENABLE_MODULES = YES;
				CLANG_ENABLE_OBJC_ARC = YES;
				CLANG_ENABLE_OBJC_WEAK = YES;
				CLANG_WARN_BLOCK_CAPTURE_AUTORELEASING = YES;
				CLANG_WARN_BOOL_CONVERSION = YES;
				CLANG_WARN_COMMA = YES;
				CLANG_WARN_CONSTANT_CONVERSION = YES;
				CLANG_WARN_DEPRECATED_OBJC_IMPLEMENTATIONS = YES;
				CLANG_WARN_DIRECT_OBJC_ISA_USAGE = YES_ERROR;
				CLANG_WARN_DOCUMENTATION_COMMENTS = YES;
				CLANG_WARN_EMPTY_BODY = YES;
				CLANG_WARN_ENUM_CONVERSION = YES;
				CLANG_WARN_INFINITE_RECURSION = YES;
				CLANG_WARN_INT_CONVERSION = YES;
				CLANG_WARN_NON_LITERAL_NULL_CONVERSION = YES;
				CLANG_WARN_OBJC_IMPLICIT_RETAIN_SELF = YES;
				CLANG_WARN_OBJC_LITERAL_CONVERSION = YES;
				CLANG_WARN_OBJC_ROOT_CLASS = YES_ERROR;
				CLANG_WARN_RANGE_LOOP_ANALYSIS = YES;
				CLANG_WARN_STRICT_PROTOTYPES = YES;
				CLANG_WARN_SUSPICIOUS_MOVE = YES;
				CLANG_WARN_UNGUARDED_AVAILABILITY = YES_AGGRESSIVE;
				CLANG_WARN_UNREACHABLE_CODE = YES;
				CLANG_WARN__DUPLICATE_METHOD_MATCH = YES;
				COPY_PHASE_STRIP = NO;
				DEBUG_INFORMATION_FORMAT = dwarf;
				ENABLE_STRICT_OBJC_MSGSEND = YES;
				ENABLE_TESTABILITY = YES;
				GCC_C_LANGUAGE_STANDARD = gnu11;
				GCC_DYNAMIC_NO_PIC = NO;
				GCC_NO_COMMON_BLOCKS = YES;
				GCC_OPTIMIZATION_LEVEL = 0;
				GCC_PREPROCESSOR_DEFINITIONS = (
					"DEBUG=1",
					"$(inherited)",
				);
				GCC_WARN_64_TO_32_BIT_CONVERSION = YES;
				GCC_WARN_ABOUT_RETURN_TYPE = YES_ERROR;
				GCC_WARN_UNDECLARED_SELECTOR = YES;
				GCC_WARN_UNINITIALIZED_AUTOS = YES_AGGRESSIVE;
				GCC_WARN_UNUSED_FUNCTION = YES;
				GCC_WARN_UNUSED_VARIABLE = YES;
				IPHONEOS_DEPLOYMENT_TARGET = 13.2;
				MTL_ENABLE_DEBUG_INFO = INCLUDE_SOURCE;
				MTL_FAST_MATH = YES;
				ONLY_ACTIVE_ARCH = YES;
				SDKROOT = iphoneos;
				SWIFT_ACTIVE_COMPILATION_CONDITIONS = DEBUG;
				SWIFT_OPTIMIZATION_LEVEL = "-Onone";
			};
			name = Debug;
		};
		6C18C49126438E59002E0AC9 /* Release */ = {
			isa = XCBuildConfiguration;
			buildSettings = {
				ALWAYS_SEARCH_USER_PATHS = NO;
				CLANG_ANALYZER_NONNULL = YES;
				CLANG_ANALYZER_NUMBER_OBJECT_CONVERSION = YES_AGGRESSIVE;
				CLANG_CXX_LANGUAGE_STANDARD = "gnu++14";
				CLANG_CXX_LIBRARY = "libc++";
				CLANG_ENABLE_MODULES = YES;
				CLANG_ENABLE_OBJC_ARC = YES;
				CLANG_ENABLE_OBJC_WEAK = YES;
				CLANG_WARN_BLOCK_CAPTURE_AUTORELEASING = YES;
				CLANG_WARN_BOOL_CONVERSION = YES;
				CLANG_WARN_COMMA = YES;
				CLANG_WARN_CONSTANT_CONVERSION = YES;
				CLANG_WARN_DEPRECATED_OBJC_IMPLEMENTATIONS = YES;
				CLANG_WARN_DIRECT_OBJC_ISA_USAGE = YES_ERROR;
				CLANG_WARN_DOCUMENTATION_COMMENTS = YES;
				CLANG_WARN_EMPTY_BODY = YES;
				CLANG_WARN_ENUM_CONVERSION = YES;
				CLANG_WARN_INFINITE_RECURSION = YES;
				CLANG_WARN_INT_CONVERSION = YES;
				CLANG_WARN_NON_LITERAL_NULL_CONVERSION = YES;
				CLANG_WARN_OBJC_IMPLICIT_RETAIN_SELF = YES;
				CLANG_WARN_OBJC_LITERAL_CONVERSION = YES;
				CLANG_WARN_OBJC_ROOT_CLASS = YES_ERROR;
				CLANG_WARN_RANGE_LOOP_ANALYSIS = YES;
				CLANG_WARN_STRICT_PROTOTYPES = YES;
				CLANG_WARN_SUSPICIOUS_MOVE = YES;
				CLANG_WARN_UNGUARDED_AVAILABILITY = YES_AGGRESSIVE;
				CLANG_WARN_UNREACHABLE_CODE = YES;
				CLANG_WARN__DUPLICATE_METHOD_MATCH = YES;
				COPY_PHASE_STRIP = NO;
				DEBUG_INFORMATION_FORMAT = "dwarf-with-dsym";
				ENABLE_NS_ASSERTIONS = NO;
				ENABLE_STRICT_OBJC_MSGSEND = YES;
				GCC_C_LANGUAGE_STANDARD = gnu11;
				GCC_NO_COMMON_BLOCKS = YES;
				GCC_WARN_64_TO_32_BIT_CONVERSION = YES;
				GCC_WARN_ABOUT_RETURN_TYPE = YES_ERROR;
				GCC_WARN_UNDECLARED_SELECTOR = YES;
				GCC_WARN_UNINITIALIZED_AUTOS = YES_AGGRESSIVE;
				GCC_WARN_UNUSED_FUNCTION = YES;
				GCC_WARN_UNUSED_VARIABLE = YES;
				IPHONEOS_DEPLOYMENT_TARGET = 13.2;
				MTL_ENABLE_DEBUG_INFO = NO;
				MTL_FAST_MATH = YES;
				SDKROOT = iphoneos;
				SWIFT_COMPILATION_MODE = wholemodule;
				SWIFT_OPTIMIZATION_LEVEL = "-O";
				VALIDATE_PRODUCT = YES;
			};
			name = Release;
		};
		6C18C49326438E59002E0AC9 /* Debug */ = {
			isa = XCBuildConfiguration;
			baseConfigurationReference = ACEEF11C97E2FACBF59C5C22 /* Pods-Lab12.debug.xcconfig */;
			buildSettings = {
				ASSETCATALOG_COMPILER_APPICON_NAME = AppIcon;
				CODE_SIGN_STYLE = Automatic;
				INFOPLIST_FILE = Lab12/Info.plist;
				LD_RUNPATH_SEARCH_PATHS = (
					"$(inherited)",
					"@executable_path/Frameworks",
				);
				PRODUCT_BUNDLE_IDENTIFIER = training.Lab12;
				PRODUCT_NAME = "$(TARGET_NAME)";
				SWIFT_VERSION = 5.0;
				TARGETED_DEVICE_FAMILY = "1,2";
			};
			name = Debug;
		};
		6C18C49426438E59002E0AC9 /* Release */ = {
			isa = XCBuildConfiguration;
			baseConfigurationReference = 009415199921FD9D36CFA84A /* Pods-Lab12.release.xcconfig */;
			buildSettings = {
				ASSETCATALOG_COMPILER_APPICON_NAME = AppIcon;
				CODE_SIGN_STYLE = Automatic;
				INFOPLIST_FILE = Lab12/Info.plist;
				LD_RUNPATH_SEARCH_PATHS = (
					"$(inherited)",
					"@executable_path/Frameworks",
				);
				PRODUCT_BUNDLE_IDENTIFIER = training.Lab12;
				PRODUCT_NAME = "$(TARGET_NAME)";
				SWIFT_VERSION = 5.0;
				TARGETED_DEVICE_FAMILY = "1,2";
			};
			name = Release;
		};
/* End XCBuildConfiguration section */

/* Begin XCConfigurationList section */
		6C18C47926438E57002E0AC9 /* Build configuration list for PBXProject "Lab12" */ = {
			isa = XCConfigurationList;
			buildConfigurations = (
				6C18C49026438E59002E0AC9 /* Debug */,
				6C18C49126438E59002E0AC9 /* Release */,
			);
			defaultConfigurationIsVisible = 0;
			defaultConfigurationName = Release;
		};
		6C18C49226438E59002E0AC9 /* Build configuration list for PBXNativeTarget "Lab12" */ = {
			isa = XCConfigurationList;
			buildConfigurations = (
				6C18C49326438E59002E0AC9 /* Debug */,
				6C18C49426438E59002E0AC9 /* Release */,
			);
			defaultConfigurationIsVisible = 0;
			defaultConfigurationName = Release;
		};
/* End XCConfigurationList section */
	};
	rootObject = 6C18C47626438E57002E0AC9 /* Project object */;
}
